
Microsoft Visual Studio Solution File, Format Version 12.00
# Visual Studio Version 17
VisualStudioVersion = 17.7.34031.279
MinimumVisualStudioVersion = 10.0.40219.1
Project("{FAE04EC0-301F-11D3-BF4B-00C04F79EFBC}") = "Time_labb", "Time_labb\Time_labb.csproj", "{41151BF6-717F-4867-B3A1-61354766BD52}"
EndProject
Global
	GlobalSection(SolutionConfigurationPlatforms) = preSolution
		Debug|Any CPU = Debug|Any CPU
		Release|Any CPU = Release|Any CPU
	EndGlobalSection
	GlobalSection(ProjectConfigurationPlatforms) = postSolution
		{41151BF6-717F-4867-B3A1-61354766BD52}.Debug|Any CPU.ActiveCfg = Debug|Any CPU
		{41151BF6-717F-4867-B3A1-61354766BD52}.Debug|Any CPU.Build.0 = Debug|Any CPU
		{41151BF6-717F-4867-B3A1-61354766BD52}.Release|Any CPU.ActiveCfg = Release|Any CPU
		{41151BF6-717F-4867-B3A1-61354766BD52}.Release|Any CPU.Build.0 = Release|Any CPU
	EndGlobalSection
	GlobalSection(SolutionProperties) = preSolution
		HideSolutionNode = FALSE
	EndGlobalSection
	GlobalSection(ExtensibilityGlobals) = postSolution
		SolutionGuid = {D5B4E965-B6D4-4F88-89EF-84F98B09C59C}
	EndGlobalSection
EndGlobal
